{
	"name": "@shexjs/core",
	"version": "1.0.0-alpha.5",
	"lockfileVersion": 1,
	"requires": true,
	"dependencies": {
		"hierarchy-closure": {
			"version": "1.2.1",
			"resolved": "https://registry.npmjs.org/hierarchy-closure/-/hierarchy-closure-1.2.1.tgz",
			"integrity": "sha512-3Lm4gqKditachEhU94qyd5YtyfVOcKAs3WZVAd62DxQGLaA1ZU4mGPg7bOvgm9JTzWbcXoipTikYRvrflY7Orw=="
		}
	}
}
