{
  "name": "@shexjs/extension-eval",
  "version": "1.0.0-alpha.6",
  "lockfileVersion": 1,
  "requires": true,
  "dependencies": {
    "@shexjs/util": {
      "version": "file:../../packages/shex-util",
      "requires": {
        "@shexjs/term": "file:../../packages/shex-term",
        "@shexjs/validator": "file:../../packages/shex-validator",
        "@shexjs/visitor": "file:../../packages/shex-visitor",
        "@shexjs/writer": "file:../../packages/shex-writer",
        "hierarchy-closure": "^1.2.1"
      },
      "dependencies": {
        "@shexjs/term": {
          "version": "file:../../packages/shex-term"
        },
        "@shexjs/validator": {
          "version": "file:../../packages/shex-validator",
          "requires": {
            "@shexjs/eval-simple-1err": "file:../../packages/eval-simple-1err",
            "@shexjs/eval-threaded-nerr": "file:../../packages/eval-threaded-nerr",
            "@shexjs/visitor": "file:../../packages/shex-visitor"
          },
          "dependencies": {
            "@shexjs/eval-simple-1err": {
              "version": "file:../../packages/eval-simple-1err",
              "requires": {
                "@shexjs/term": "file:../../packages/shex-term"
              },
              "dependencies": {
                "@shexjs/term": {
                  "version": "file:../../packages/shex-term"
                }
              }
            },
            "@shexjs/eval-threaded-nerr": {
              "version": "file:../../packages/eval-threaded-nerr",
              "requires": {
                "@shexjs/term": "file:../../packages/shex-term"
              },
              "dependencies": {
                "@shexjs/term": {
                  "version": "file:../../packages/shex-term"
                }
              }
            },
            "@shexjs/visitor": {
              "version": "file:../../packages/shex-visitor"
            }
          }
        },
        "@shexjs/visitor": {
          "version": "file:../../packages/shex-visitor"
        },
        "@shexjs/writer": {
          "version": "file:../../packages/shex-writer"
        },
        "hierarchy-closure": {
          "version": "1.2.1",
          "resolved": "https://registry.npmjs.org/hierarchy-closure/-/hierarchy-closure-1.2.1.tgz",
          "integrity": "sha512-3Lm4gqKditachEhU94qyd5YtyfVOcKAs3WZVAd62DxQGLaA1ZU4mGPg7bOvgm9JTzWbcXoipTikYRvrflY7Orw=="
        }
      }
    }
  }
}
