{
  "name": "@shexjs/validator",
  "version": "1.0.0-alpha.6",
  "lockfileVersion": 1,
  "requires": true,
  "dependencies": {
    "@shexjs/eval-simple-1err": {
      "version": "file:../eval-simple-1err",
      "requires": {
        "@shexjs/term": "file:../shex-term"
      },
      "dependencies": {
        "@shexjs/term": {
          "version": "file:../shex-term"
        }
      }
    },
    "@shexjs/eval-threaded-nerr": {
      "version": "file:../eval-threaded-nerr",
      "requires": {
        "@shexjs/term": "file:../shex-term"
      },
      "dependencies": {
        "@shexjs/term": {
          "version": "file:../shex-term"
        }
      }
    },
    "@shexjs/visitor": {
      "version": "file:../shex-visitor"
    },
    "hierarchy-closure": {
      "version": "1.2.1",
      "resolved": "https://registry.npmjs.org/hierarchy-closure/-/hierarchy-closure-1.2.1.tgz",
      "integrity": "sha512-3Lm4gqKditachEhU94qyd5YtyfVOcKAs3WZVAd62DxQGLaA1ZU4mGPg7bOvgm9JTzWbcXoipTikYRvrflY7Orw=="
    }
  }
}
