{
  "name": "@shexjs/validator",
  "version": "1.0.0-alpha.6",
  "lockfileVersion": 1,
  "requires": true,
  "dependencies": {
    "@shexjs/eval-simple-1err": {
      "version": "file:../eval-simple-1err",
      "requires": {
        "@shexjs/term": "file:../shex-term"
      },
      "dependencies": {
        "@shexjs/term": {
          "version": "file:../shex-term"
        }
      }
    },
    "@shexjs/eval-threaded-nerr": {
      "version": "file:../eval-threaded-nerr",
      "requires": {
        "@shexjs/term": "file:../shex-term"
      },
      "dependencies": {
        "@shexjs/term": {
          "version": "file:../shex-term"
        }
      }
    },
    "@shexjs/visitor": {
      "version": "file:../shex-visitor"
    }
  }
}
